// !$*UTF8*$!
{
	archiveVersion = 1;
	classes = {
	};
	objectVersion = 56;
	objects = {

/* Begin PBXBuildFile section */
		89DB39752B01E6E000159764 /* AppDelegate.swift in Sources */ = {isa = PBXBuildFile; fileRef = 89DB39742B01E6E000159764 /* AppDelegate.swift */; };
		89DB39772B01E6E000159764 /* SceneDelegate.swift in Sources */ = {isa = PBXBuildFile; fileRef = 89DB39762B01E6E000159764 /* SceneDelegate.swift */; };
		89DB39792B01E6E000159764 /* LoginHomeViewController.swift in Sources */ = {isa = PBXBuildFile; fileRef = 89DB39782B01E6E000159764 /* LoginHomeViewController.swift */; };
		89DB397E2B01E6E100159764 /* Assets.xcassets in Resources */ = {isa = PBXBuildFile; fileRef = 89DB397D2B01E6E100159764 /* Assets.xcassets */; };
		89DB39812B01E6E100159764 /* LaunchScreen.storyboard in Resources */ = {isa = PBXBuildFile; fileRef = 89DB397F2B01E6E100159764 /* LaunchScreen.storyboard */; };
		89DB398A2B01E8A000159764 /* BaseViewController.swift in Sources */ = {isa = PBXBuildFile; fileRef = 89DB39892B01E8A000159764 /* BaseViewController.swift */; };
		89DB398F2B01EB3200159764 /* UIButton.Configuration+.swift in Sources */ = {isa = PBXBuildFile; fileRef = 89DB398E2B01EB3200159764 /* UIButton.Configuration+.swift */; };
		89DB39922B01F21800159764 /* SnapKit in Frameworks */ = {isa = PBXBuildFile; productRef = 89DB39912B01F21800159764 /* SnapKit */; };
		89DB39952B01F65C00159764 /* SignUpViewController.swift in Sources */ = {isa = PBXBuildFile; fileRef = 89DB39942B01F65C00159764 /* SignUpViewController.swift */; };
		89DB39982B01F72000159764 /* RxCocoa in Frameworks */ = {isa = PBXBuildFile; productRef = 89DB39972B01F72000159764 /* RxCocoa */; };
		89DB399A2B01F72000159764 /* RxRelay in Frameworks */ = {isa = PBXBuildFile; productRef = 89DB39992B01F72000159764 /* RxRelay */; };
		89DB399C2B01F72000159764 /* RxSwift in Frameworks */ = {isa = PBXBuildFile; productRef = 89DB399B2B01F72000159764 /* RxSwift */; };
		89DB399E2B01F9F800159764 /* UITextField+.swift in Sources */ = {isa = PBXBuildFile; fileRef = 89DB399D2B01F9F800159764 /* UITextField+.swift */; };
/* End PBXBuildFile section */

/* Begin PBXFileReference section */
		89DB39712B01E6E000159764 /* SeSACFoodStory.app */ = {isa = PBXFileReference; explicitFileType = wrapper.application; includeInIndex = 0; path = SeSACFoodStory.app; sourceTree = BUILT_PRODUCTS_DIR; };
		89DB39742B01E6E000159764 /* AppDelegate.swift */ = {isa = PBXFileReference; lastKnownFileType = sourcecode.swift; path = AppDelegate.swift; sourceTree = "<group>"; };
		89DB39762B01E6E000159764 /* SceneDelegate.swift */ = {isa = PBXFileReference; lastKnownFileType = sourcecode.swift; path = SceneDelegate.swift; sourceTree = "<group>"; };
		89DB39782B01E6E000159764 /* LoginHomeViewController.swift */ = {isa = PBXFileReference; lastKnownFileType = sourcecode.swift; path = LoginHomeViewController.swift; sourceTree = "<group>"; };
		89DB397D2B01E6E100159764 /* Assets.xcassets */ = {isa = PBXFileReference; lastKnownFileType = folder.assetcatalog; path = Assets.xcassets; sourceTree = "<group>"; };
		89DB39802B01E6E100159764 /* Base */ = {isa = PBXFileReference; lastKnownFileType = file.storyboard; name = Base; path = Base.lproj/LaunchScreen.storyboard; sourceTree = "<group>"; };
		89DB39822B01E6E100159764 /* Info.plist */ = {isa = PBXFileReference; lastKnownFileType = text.plist.xml; path = Info.plist; sourceTree = "<group>"; };
		89DB39892B01E8A000159764 /* BaseViewController.swift */ = {isa = PBXFileReference; lastKnownFileType = sourcecode.swift; path = BaseViewController.swift; sourceTree = "<group>"; };
		89DB398E2B01EB3200159764 /* UIButton.Configuration+.swift */ = {isa = PBXFileReference; lastKnownFileType = sourcecode.swift; path = "UIButton.Configuration+.swift"; sourceTree = "<group>"; };
		89DB39942B01F65C00159764 /* SignUpViewController.swift */ = {isa = PBXFileReference; lastKnownFileType = sourcecode.swift; path = SignUpViewController.swift; sourceTree = "<group>"; };
		89DB399D2B01F9F800159764 /* UITextField+.swift */ = {isa = PBXFileReference; lastKnownFileType = sourcecode.swift; path = "UITextField+.swift"; sourceTree = "<group>"; };
/* End PBXFileReference section */

/* Begin PBXFrameworksBuildPhase section */
		89DB396E2B01E6DF00159764 /* Frameworks */ = {
			isa = PBXFrameworksBuildPhase;
			buildActionMask = 2147483647;
			files = (
				89DB399A2B01F72000159764 /* RxRelay in Frameworks */,
				89DB39982B01F72000159764 /* RxCocoa in Frameworks */,
				89DB399C2B01F72000159764 /* RxSwift in Frameworks */,
				89DB39922B01F21800159764 /* SnapKit in Frameworks */,
			);
			runOnlyForDeploymentPostprocessing = 0;
		};
/* End PBXFrameworksBuildPhase section */

/* Begin PBXGroup section */
		89DB39682B01E6DF00159764 = {
			isa = PBXGroup;
			children = (
				89DB39732B01E6E000159764 /* SeSACFoodStory */,
				89DB39722B01E6E000159764 /* Products */,
			);
			sourceTree = "<group>";
		};
		89DB39722B01E6E000159764 /* Products */ = {
			isa = PBXGroup;
			children = (
				89DB39712B01E6E000159764 /* SeSACFoodStory.app */,
			);
			name = Products;
			sourceTree = "<group>";
		};
		89DB39732B01E6E000159764 /* SeSACFoodStory */ = {
			isa = PBXGroup;
			children = (
				89DB39742B01E6E000159764 /* AppDelegate.swift */,
				89DB39762B01E6E000159764 /* SceneDelegate.swift */,
				89DB398B2B01E97C00159764 /* Presentation */,
				89DB397D2B01E6E100159764 /* Assets.xcassets */,
				89DB397F2B01E6E100159764 /* LaunchScreen.storyboard */,
				89DB39822B01E6E100159764 /* Info.plist */,
			);
			path = SeSACFoodStory;
			sourceTree = "<group>";
		};
		89DB39882B01E89200159764 /* Base */ = {
			isa = PBXGroup;
			children = (
				89DB39892B01E8A000159764 /* BaseViewController.swift */,
			);
			path = Base;
			sourceTree = "<group>";
		};
		89DB398B2B01E97C00159764 /* Presentation */ = {
			isa = PBXGroup;
			children = (
				89DB39882B01E89200159764 /* Base */,
				89DB398C2B01E98B00159764 /* Login */,
				89DB398D2B01EB1300159764 /* Extension */,
			);
			path = Presentation;
			sourceTree = "<group>";
		};
		89DB398C2B01E98B00159764 /* Login */ = {
			isa = PBXGroup;
			children = (
				89DB39782B01E6E000159764 /* LoginHomeViewController.swift */,
				89DB39932B01F5B100159764 /* SignUp */,
			);
			path = Login;
			sourceTree = "<group>";
		};
		89DB398D2B01EB1300159764 /* Extension */ = {
			isa = PBXGroup;
			children = (
				89DB398E2B01EB3200159764 /* UIButton.Configuration+.swift */,
				89DB399D2B01F9F800159764 /* UITextField+.swift */,
			);
			path = Extension;
			sourceTree = "<group>";
		};
		89DB39932B01F5B100159764 /* SignUp */ = {
			isa = PBXGroup;
			children = (
				89DB39942B01F65C00159764 /* SignUpViewController.swift */,
			);
			path = SignUp;
			sourceTree = "<group>";
		};
/* End PBXGroup section */

/* Begin PBXNativeTarget section */
		89DB39702B01E6DF00159764 /* SeSACFoodStory */ = {
			isa = PBXNativeTarget;
			buildConfigurationList = 89DB39852B01E6E100159764 /* Build configuration list for PBXNativeTarget "SeSACFoodStory" */;
			buildPhases = (
				89DB396D2B01E6DF00159764 /* Sources */,
				89DB396E2B01E6DF00159764 /* Frameworks */,
				89DB396F2B01E6DF00159764 /* Resources */,
			);
			buildRules = (
			);
			dependencies = (
			);
			name = SeSACFoodStory;
			packageProductDependencies = (
				89DB39912B01F21800159764 /* SnapKit */,
				89DB39972B01F72000159764 /* RxCocoa */,
				89DB39992B01F72000159764 /* RxRelay */,
				89DB399B2B01F72000159764 /* RxSwift */,
			);
			productName = SeSACFoodStory;
			productReference = 89DB39712B01E6E000159764 /* SeSACFoodStory.app */;
			productType = "com.apple.product-type.application";
		};
/* End PBXNativeTarget section */

/* Begin PBXProject section */
		89DB39692B01E6DF00159764 /* Project object */ = {
			isa = PBXProject;
			attributes = {
				BuildIndependentTargetsInParallel = 1;
				LastSwiftUpdateCheck = 1500;
				LastUpgradeCheck = 1500;
				TargetAttributes = {
					89DB39702B01E6DF00159764 = {
						CreatedOnToolsVersion = 15.0.1;
					};
				};
			};
			buildConfigurationList = 89DB396C2B01E6DF00159764 /* Build configuration list for PBXProject "SeSACFoodStory" */;
			compatibilityVersion = "Xcode 14.0";
			developmentRegion = en;
			hasScannedForEncodings = 0;
			knownRegions = (
				en,
				Base,
			);
			mainGroup = 89DB39682B01E6DF00159764;
			packageReferences = (
				89DB39902B01F21800159764 /* XCRemoteSwiftPackageReference "SnapKit" */,
				89DB39962B01F72000159764 /* XCRemoteSwiftPackageReference "RxSwift" */,
			);
			productRefGroup = 89DB39722B01E6E000159764 /* Products */;
			projectDirPath = "";
			projectRoot = "";
			targets = (
				89DB39702B01E6DF00159764 /* SeSACFoodStory */,
			);
		};
/* End PBXProject section */

/* Begin PBXResourcesBuildPhase section */
		89DB396F2B01E6DF00159764 /* Resources */ = {
			isa = PBXResourcesBuildPhase;
			buildActionMask = 2147483647;
			files = (
				89DB39812B01E6E100159764 /* LaunchScreen.storyboard in Resources */,
				89DB397E2B01E6E100159764 /* Assets.xcassets in Resources */,
			);
			runOnlyForDeploymentPostprocessing = 0;
		};
/* End PBXResourcesBuildPhase section */

/* Begin PBXSourcesBuildPhase section */
		89DB396D2B01E6DF00159764 /* Sources */ = {
			isa = PBXSourcesBuildPhase;
			buildActionMask = 2147483647;
			files = (
				89DB39952B01F65C00159764 /* SignUpViewController.swift in Sources */,
				89DB39792B01E6E000159764 /* LoginHomeViewController.swift in Sources */,
				89DB399E2B01F9F800159764 /* UITextField+.swift in Sources */,
				89DB398A2B01E8A000159764 /* BaseViewController.swift in Sources */,
				89DB39752B01E6E000159764 /* AppDelegate.swift in Sources */,
				89DB398F2B01EB3200159764 /* UIButton.Configuration+.swift in Sources */,
				89DB39772B01E6E000159764 /* SceneDelegate.swift in Sources */,
			);
			runOnlyForDeploymentPostprocessing = 0;
		};
/* End PBXSourcesBuildPhase section */

/* Begin PBXVariantGroup section */
		89DB397F2B01E6E100159764 /* LaunchScreen.storyboard */ = {
			isa = PBXVariantGroup;
			children = (
				89DB39802B01E6E100159764 /* Base */,
			);
			name = LaunchScreen.storyboard;
			sourceTree = "<group>";
		};
/* End PBXVariantGroup section */

/* Begin XCBuildConfiguration section */
		89DB39832B01E6E100159764 /* Debug */ = {
			isa = XCBuildConfiguration;
			buildSettings = {
				ALWAYS_SEARCH_USER_PATHS = NO;
				ASSETCATALOG_COMPILER_GENERATE_SWIFT_ASSET_SYMBOL_EXTENSIONS = YES;
				CLANG_ANALYZER_NONNULL = YES;
				CLANG_ANALYZER_NUMBER_OBJECT_CONVERSION = YES_AGGRESSIVE;
				CLANG_CXX_LANGUAGE_STANDARD = "gnu++20";
				CLANG_ENABLE_MODULES = YES;
				CLANG_ENABLE_OBJC_ARC = YES;
				CLANG_ENABLE_OBJC_WEAK = YES;
				CLANG_WARN_BLOCK_CAPTURE_AUTORELEASING = YES;
				CLANG_WARN_BOOL_CONVERSION = YES;
				CLANG_WARN_COMMA = YES;
				CLANG_WARN_CONSTANT_CONVERSION = YES;
				CLANG_WARN_DEPRECATED_OBJC_IMPLEMENTATIONS = YES;
				CLANG_WARN_DIRECT_OBJC_ISA_USAGE = YES_ERROR;
				CLANG_WARN_DOCUMENTATION_COMMENTS = YES;
				CLANG_WARN_EMPTY_BODY = YES;
				CLANG_WARN_ENUM_CONVERSION = YES;
				CLANG_WARN_INFINITE_RECURSION = YES;
				CLANG_WARN_INT_CONVERSION = YES;
				CLANG_WARN_NON_LITERAL_NULL_CONVERSION = YES;
				CLANG_WARN_OBJC_IMPLICIT_RETAIN_SELF = YES;
				CLANG_WARN_OBJC_LITERAL_CONVERSION = YES;
				CLANG_WARN_OBJC_ROOT_CLASS = YES_ERROR;
				CLANG_WARN_QUOTED_INCLUDE_IN_FRAMEWORK_HEADER = YES;
				CLANG_WARN_RANGE_LOOP_ANALYSIS = YES;
				CLANG_WARN_STRICT_PROTOTYPES = YES;
				CLANG_WARN_SUSPICIOUS_MOVE = YES;
				CLANG_WARN_UNGUARDED_AVAILABILITY = YES_AGGRESSIVE;
				CLANG_WARN_UNREACHABLE_CODE = YES;
				CLANG_WARN__DUPLICATE_METHOD_MATCH = YES;
				COPY_PHASE_STRIP = NO;
				DEBUG_INFORMATION_FORMAT = dwarf;
				ENABLE_STRICT_OBJC_MSGSEND = YES;
				ENABLE_TESTABILITY = YES;
				ENABLE_USER_SCRIPT_SANDBOXING = YES;
				GCC_C_LANGUAGE_STANDARD = gnu17;
				GCC_DYNAMIC_NO_PIC = NO;
				GCC_NO_COMMON_BLOCKS = YES;
				GCC_OPTIMIZATION_LEVEL = 0;
				GCC_PREPROCESSOR_DEFINITIONS = (
					"DEBUG=1",
					"$(inherited)",
				);
				GCC_WARN_64_TO_32_BIT_CONVERSION = YES;
				GCC_WARN_ABOUT_RETURN_TYPE = YES_ERROR;
				GCC_WARN_UNDECLARED_SELECTOR = YES;
				GCC_WARN_UNINITIALIZED_AUTOS = YES_AGGRESSIVE;
				GCC_WARN_UNUSED_FUNCTION = YES;
				GCC_WARN_UNUSED_VARIABLE = YES;
				IPHONEOS_DEPLOYMENT_TARGET = 17.0;
				LOCALIZATION_PREFERS_STRING_CATALOGS = YES;
				MTL_ENABLE_DEBUG_INFO = INCLUDE_SOURCE;
				MTL_FAST_MATH = YES;
				ONLY_ACTIVE_ARCH = YES;
				SDKROOT = iphoneos;
				SWIFT_ACTIVE_COMPILATION_CONDITIONS = "DEBUG $(inherited)";
				SWIFT_OPTIMIZATION_LEVEL = "-Onone";
			};
			name = Debug;
		};
		89DB39842B01E6E100159764 /* Release */ = {
			isa = XCBuildConfiguration;
			buildSettings = {
				ALWAYS_SEARCH_USER_PATHS = NO;
				ASSETCATALOG_COMPILER_GENERATE_SWIFT_ASSET_SYMBOL_EXTENSIONS = YES;
				CLANG_ANALYZER_NONNULL = YES;
				CLANG_ANALYZER_NUMBER_OBJECT_CONVERSION = YES_AGGRESSIVE;
				CLANG_CXX_LANGUAGE_STANDARD = "gnu++20";
				CLANG_ENABLE_MODULES = YES;
				CLANG_ENABLE_OBJC_ARC = YES;
				CLANG_ENABLE_OBJC_WEAK = YES;
				CLANG_WARN_BLOCK_CAPTURE_AUTORELEASING = YES;
				CLANG_WARN_BOOL_CONVERSION = YES;
				CLANG_WARN_COMMA = YES;
				CLANG_WARN_CONSTANT_CONVERSION = YES;
				CLANG_WARN_DEPRECATED_OBJC_IMPLEMENTATIONS = YES;
				CLANG_WARN_DIRECT_OBJC_ISA_USAGE = YES_ERROR;
				CLANG_WARN_DOCUMENTATION_COMMENTS = YES;
				CLANG_WARN_EMPTY_BODY = YES;
				CLANG_WARN_ENUM_CONVERSION = YES;
				CLANG_WARN_INFINITE_RECURSION = YES;
				CLANG_WARN_INT_CONVERSION = YES;
				CLANG_WARN_NON_LITERAL_NULL_CONVERSION = YES;
				CLANG_WARN_OBJC_IMPLICIT_RETAIN_SELF = YES;
				CLANG_WARN_OBJC_LITERAL_CONVERSION = YES;
				CLANG_WARN_OBJC_ROOT_CLASS = YES_ERROR;
				CLANG_WARN_QUOTED_INCLUDE_IN_FRAMEWORK_HEADER = YES;
				CLANG_WARN_RANGE_LOOP_ANALYSIS = YES;
				CLANG_WARN_STRICT_PROTOTYPES = YES;
				CLANG_WARN_SUSPICIOUS_MOVE = YES;
				CLANG_WARN_UNGUARDED_AVAILABILITY = YES_AGGRESSIVE;
				CLANG_WARN_UNREACHABLE_CODE = YES;
				CLANG_WARN__DUPLICATE_METHOD_MATCH = YES;
				COPY_PHASE_STRIP = NO;
				DEBUG_INFORMATION_FORMAT = "dwarf-with-dsym";
				ENABLE_NS_ASSERTIONS = NO;
				ENABLE_STRICT_OBJC_MSGSEND = YES;
				ENABLE_USER_SCRIPT_SANDBOXING = YES;
				GCC_C_LANGUAGE_STANDARD = gnu17;
				GCC_NO_COMMON_BLOCKS = YES;
				GCC_WARN_64_TO_32_BIT_CONVERSION = YES;
				GCC_WARN_ABOUT_RETURN_TYPE = YES_ERROR;
				GCC_WARN_UNDECLARED_SELECTOR = YES;
				GCC_WARN_UNINITIALIZED_AUTOS = YES_AGGRESSIVE;
				GCC_WARN_UNUSED_FUNCTION = YES;
				GCC_WARN_UNUSED_VARIABLE = YES;
				IPHONEOS_DEPLOYMENT_TARGET = 17.0;
				LOCALIZATION_PREFERS_STRING_CATALOGS = YES;
				MTL_ENABLE_DEBUG_INFO = NO;
				MTL_FAST_MATH = YES;
				SDKROOT = iphoneos;
				SWIFT_COMPILATION_MODE = wholemodule;
				VALIDATE_PRODUCT = YES;
			};
			name = Release;
		};
		89DB39862B01E6E100159764 /* Debug */ = {
			isa = XCBuildConfiguration;
			buildSettings = {
				ASSETCATALOG_COMPILER_APPICON_NAME = AppIcon;
				ASSETCATALOG_COMPILER_GLOBAL_ACCENT_COLOR_NAME = AccentColor;
				CODE_SIGN_STYLE = Automatic;
				CURRENT_PROJECT_VERSION = 1;
				DEVELOPMENT_TEAM = 67D46DJNPH;
				GENERATE_INFOPLIST_FILE = YES;
				INFOPLIST_FILE = SeSACFoodStory/Info.plist;
				INFOPLIST_KEY_UIApplicationSupportsIndirectInputEvents = YES;
				INFOPLIST_KEY_UILaunchStoryboardName = LaunchScreen;
				INFOPLIST_KEY_UISupportedInterfaceOrientations_iPad = "UIInterfaceOrientationPortrait UIInterfaceOrientationPortraitUpsideDown UIInterfaceOrientationLandscapeLeft UIInterfaceOrientationLandscapeRight";
				INFOPLIST_KEY_UISupportedInterfaceOrientations_iPhone = "UIInterfaceOrientationPortrait UIInterfaceOrientationLandscapeLeft UIInterfaceOrientationLandscapeRight";
				LD_RUNPATH_SEARCH_PATHS = (
					"$(inherited)",
					"@executable_path/Frameworks",
				);
				MARKETING_VERSION = 1.0;
				PRODUCT_BUNDLE_IDENTIFIER = com.yescoachdev.SeSACFoodStory;
				PRODUCT_NAME = "$(TARGET_NAME)";
				SWIFT_EMIT_LOC_STRINGS = YES;
				SWIFT_VERSION = 5.0;
				TARGETED_DEVICE_FAMILY = "1,2";
			};
			name = Debug;
		};
		89DB39872B01E6E100159764 /* Release */ = {
			isa = XCBuildConfiguration;
			buildSettings = {
				ASSETCATALOG_COMPILER_APPICON_NAME = AppIcon;
				ASSETCATALOG_COMPILER_GLOBAL_ACCENT_COLOR_NAME = AccentColor;
				CODE_SIGN_STYLE = Automatic;
				CURRENT_PROJECT_VERSION = 1;
				DEVELOPMENT_TEAM = 67D46DJNPH;
				GENERATE_INFOPLIST_FILE = YES;
				INFOPLIST_FILE = SeSACFoodStory/Info.plist;
				INFOPLIST_KEY_UIApplicationSupportsIndirectInputEvents = YES;
				INFOPLIST_KEY_UILaunchStoryboardName = LaunchScreen;
				INFOPLIST_KEY_UISupportedInterfaceOrientations_iPad = "UIInterfaceOrientationPortrait UIInterfaceOrientationPortraitUpsideDown UIInterfaceOrientationLandscapeLeft UIInterfaceOrientationLandscapeRight";
				INFOPLIST_KEY_UISupportedInterfaceOrientations_iPhone = "UIInterfaceOrientationPortrait UIInterfaceOrientationLandscapeLeft UIInterfaceOrientationLandscapeRight";
				LD_RUNPATH_SEARCH_PATHS = (
					"$(inherited)",
					"@executable_path/Frameworks",
				);
				MARKETING_VERSION = 1.0;
				PRODUCT_BUNDLE_IDENTIFIER = com.yescoachdev.SeSACFoodStory;
				PRODUCT_NAME = "$(TARGET_NAME)";
				SWIFT_EMIT_LOC_STRINGS = YES;
				SWIFT_VERSION = 5.0;
				TARGETED_DEVICE_FAMILY = "1,2";
			};
			name = Release;
		};
/* End XCBuildConfiguration section */

/* Begin XCConfigurationList section */
		89DB396C2B01E6DF00159764 /* Build configuration list for PBXProject "SeSACFoodStory" */ = {
			isa = XCConfigurationList;
			buildConfigurations = (
				89DB39832B01E6E100159764 /* Debug */,
				89DB39842B01E6E100159764 /* Release */,
			);
			defaultConfigurationIsVisible = 0;
			defaultConfigurationName = Release;
		};
		89DB39852B01E6E100159764 /* Build configuration list for PBXNativeTarget "SeSACFoodStory" */ = {
			isa = XCConfigurationList;
			buildConfigurations = (
				89DB39862B01E6E100159764 /* Debug */,
				89DB39872B01E6E100159764 /* Release */,
			);
			defaultConfigurationIsVisible = 0;
			defaultConfigurationName = Release;
		};
/* End XCConfigurationList section */

/* Begin XCRemoteSwiftPackageReference section */
		89DB39902B01F21800159764 /* XCRemoteSwiftPackageReference "SnapKit" */ = {
			isa = XCRemoteSwiftPackageReference;
			repositoryURL = "https://github.com/SnapKit/SnapKit";
			requirement = {
				kind = upToNextMajorVersion;
				minimumVersion = 5.6.0;
			};
		};
		89DB39962B01F72000159764 /* XCRemoteSwiftPackageReference "RxSwift" */ = {
			isa = XCRemoteSwiftPackageReference;
			repositoryURL = "https://github.com/ReactiveX/RxSwift";
			requirement = {
				kind = upToNextMajorVersion;
				minimumVersion = 6.6.0;
			};
		};
/* End XCRemoteSwiftPackageReference section */

/* Begin XCSwiftPackageProductDependency section */
		89DB39912B01F21800159764 /* SnapKit */ = {
			isa = XCSwiftPackageProductDependency;
			package = 89DB39902B01F21800159764 /* XCRemoteSwiftPackageReference "SnapKit" */;
			productName = SnapKit;
		};
		89DB39972B01F72000159764 /* RxCocoa */ = {
			isa = XCSwiftPackageProductDependency;
			package = 89DB39962B01F72000159764 /* XCRemoteSwiftPackageReference "RxSwift" */;
			productName = RxCocoa;
		};
		89DB39992B01F72000159764 /* RxRelay */ = {
			isa = XCSwiftPackageProductDependency;
			package = 89DB39962B01F72000159764 /* XCRemoteSwiftPackageReference "RxSwift" */;
			productName = RxRelay;
		};
		89DB399B2B01F72000159764 /* RxSwift */ = {
			isa = XCSwiftPackageProductDependency;
			package = 89DB39962B01F72000159764 /* XCRemoteSwiftPackageReference "RxSwift" */;
			productName = RxSwift;
		};
/* End XCSwiftPackageProductDependency section */
	};
	rootObject = 89DB39692B01E6DF00159764 /* Project object */;
}
